Microsoft Visual Studio Solution File, Format Version 12.00
# Visual Studio Version 17
VisualStudioVersion = 17.5.2.0
MinimumVisualStudioVersion = 10.0.40219.1
Project("{2150E333-8FDC-42A3-9474-1A3956D46DE8}") = "backend_dotnet", "backend_dotnet", "{EBAD1264-E898-0168-C67C-B8828D31A294}"
EndProject
Project("{FAE04EC0-301F-11D3-BF4B-00C04F79EFBC}") = "ReferenceDataApi", "backend_dotnet\ReferenceDataApi\ReferenceDataApi.csproj", "{6F04429A-2B36-F207-BBA7-7C3DAC160F74}"
EndProject
Global
	GlobalSection(SolutionConfigurationPlatforms) = preSolution
		Debug|Any CPU = Debug|Any CPU
		Release|Any CPU = Release|Any CPU
	EndGlobalSection
	GlobalSection(ProjectConfigurationPlatforms) = postSolution
		{6F04429A-2B36-F207-BBA7-7C3DAC160F74}.Debug|Any CPU.ActiveCfg = Debug|Any CPU
		{6F04429A-2B36-F207-BBA7-7C3DAC160F74}.Debug|Any CPU.Build.0 = Debug|Any CPU
		{6F04429A-2B36-F207-BBA7-7C3DAC160F74}.Release|Any CPU.ActiveCfg = Release|Any CPU
		{6F04429A-2B36-F207-BBA7-7C3DAC160F74}.Release|Any CPU.Build.0 = Release|Any CPU
	EndGlobalSection
	GlobalSection(SolutionProperties) = preSolution
		HideSolutionNode = FALSE
	EndGlobalSection
	GlobalSection(NestedProjects) = preSolution
		{6F04429A-2B36-F207-BBA7-7C3DAC160F74} = {EBAD1264-E898-0168-C67C-B8828D31A294}
	EndGlobalSection
	GlobalSection(ExtensibilityGlobals) = postSolution
		SolutionGuid = {B0D99A07-0E66-46AC-9533-CAC16FD14C7C}
	EndGlobalSection
EndGlobal
